
Microsoft Visual Studio Solution File, Format Version 12.00
# Visual Studio Version 17
VisualStudioVersion = 17.3.32929.385
MinimumVisualStudioVersion = 10.0.40219.1
Project("{FAE04EC0-301F-11D3-BF4B-00C04F79EFBC}") = "Personel_Kayit", "Personel_Kayit\Personel_Kayit.csproj", "{FDA18D38-1BFE-4056-B7A8-08FF42805C20}"
EndProject
Global
	GlobalSection(SolutionConfigurationPlatforms) = preSolution
		Debug|Any CPU = Debug|Any CPU
		Release|Any CPU = Release|Any CPU
	EndGlobalSection
	GlobalSection(ProjectConfigurationPlatforms) = postSolution
		{FDA18D38-1BFE-4056-B7A8-08FF42805C20}.Debug|Any CPU.ActiveCfg = Debug|Any CPU
		{FDA18D38-1BFE-4056-B7A8-08FF42805C20}.Debug|Any CPU.Build.0 = Debug|Any CPU
		{FDA18D38-1BFE-4056-B7A8-08FF42805C20}.Release|Any CPU.ActiveCfg = Release|Any CPU
		{FDA18D38-1BFE-4056-B7A8-08FF42805C20}.Release|Any CPU.Build.0 = Release|Any CPU
	EndGlobalSection
	GlobalSection(SolutionProperties) = preSolution
		HideSolutionNode = FALSE
	EndGlobalSection
	GlobalSection(ExtensibilityGlobals) = postSolution
		SolutionGuid = {B098DF9C-24FE-4E08-BCAA-44FACF90D3BE}
	EndGlobalSection
EndGlobal
